{
    "_meta": {
        "hash": {
            "sha256": "70bcd28a30c773bc70d60d9078b04aadf306c13dec19acb2873d4d36fa5ec82e"
        },
        "pipfile-spec": 6,
        "requires": {
            "python_version": "3.12"
        },
        "sources": [
            {
                "name": "pypi",
                "url": "https://pypi.org/simple",
                "verify_ssl": true
            }
        ]
    },
    "default": {
        "arrow": {
            "hashes": [
                "sha256:c728b120ebc00eb84e01882a6f5e7927a53960aa990ce7dd2b10f39005a67f80",
                "sha256:d4540617648cb5f895730f1ad8c82a65f2dad0166f57b75f3ca54759c4d67a85"
            ],
            "index": "pypi",
            "markers": "python_version >= '3.8'",
            "version": "==1.3.0"
        },
        "exif": {
            "hashes": [
                "sha256:2d002b5740eb897da43de1e6a8f4ebacf5171b4d0b8bc0182c70aebde1be86d3",
                "sha256:36288d1ffc60030084a04c26f50cc32e19383a36cd234fcfa1fb1c6f698e1d36"
            ],
            "index": "pypi",
            "markers": "python_version >= '3.7'",
            "version": "==1.6.0"
        },
        "plum-py": {
            "hashes": [
                "sha256:40a25a70f7fd213f57cdd1decc65874df2d213d19d63478a1addcca748c13c4e",
                "sha256:d791f059ef159adbe3c3b036557b5b431fa07db226a9de106a74e5e57441741d"
            ],
            "markers": "python_version >= '3.6'",
            "version": "==0.8.7"
        },
        "python-dateutil": {
            "hashes": [
                "sha256:37dd54208da7e1cd875388217d5e00ebd4179249f90fb72437e91a35459a0ad3",
                "sha256:a8b2bc7bffae282281c8140a97d3aa9c14da0b136dfe83f850eea9a5f7470427"
            ],
            "markers": "python_version >= '2.7' and python_version not in '3.0, 3.1, 3.2, 3.3'",
            "version": "==2.9.0.post0"
        },
        "six": {
            "hashes": [
                "sha256:1e61c37477a1626458e36f7b1d82aa5c9b094fa4802892072e49de9c60c4c926",
                "sha256:8abb2f1d86890a2dfb989f9a77cfcfd3e47c2a354b01111771326f8aa26e0254"
            ],
            "markers": "python_version >= '2.7' and python_version not in '3.0, 3.1, 3.2, 3.3'",
            "version": "==1.16.0"
        },
        "types-python-dateutil": {
            "hashes": [
                "sha256:250e1d8e80e7bbc3a6c99b907762711d1a1cdd00e978ad39cb5940f6f0a87f3d",
                "sha256:58cb85449b2a56d6684e41aeefb4c4280631246a0da1a719bdbe6f3fb0317446"
            ],
            "markers": "python_version >= '3.8'",
            "version": "==2.9.0.20241003"
        }
    },
    "develop": {}
}
